
Microsoft Visual Studio Solution File, Format Version 12.00
# Visual Studio Version 17
VisualStudioVersion = 17.1.32421.90
MinimumVisualStudioVersion = 10.0.40219.1
Project("{FAE04EC0-301F-11D3-BF4B-00C04F79EFBC}") = "LottoPredictions", "LottoPredictions\LottoPredictions.csproj", "{9025296D-04FE-41B7-A1C1-C7A11184BD03}"
EndProject
Project("{FAE04EC0-301F-11D3-BF4B-00C04F79EFBC}") = "LottoPredictions.Core", "LottoPredictions.Core\LottoPredictions.Core.csproj", "{0A2BEE88-76CA-4562-89BC-7F03821D3196}"
EndProject
Global
	GlobalSection(SolutionConfigurationPlatforms) = preSolution
		Debug|Any CPU = Debug|Any CPU
		Release|Any CPU = Release|Any CPU
	EndGlobalSection
	GlobalSection(ProjectConfigurationPlatforms) = postSolution
		{9025296D-04FE-41B7-A1C1-C7A11184BD03}.Debug|Any CPU.ActiveCfg = Debug|Any CPU
		{9025296D-04FE-41B7-A1C1-C7A11184BD03}.Debug|Any CPU.Build.0 = Debug|Any CPU
		{9025296D-04FE-41B7-A1C1-C7A11184BD03}.Release|Any CPU.ActiveCfg = Release|Any CPU
		{9025296D-04FE-41B7-A1C1-C7A11184BD03}.Release|Any CPU.Build.0 = Release|Any CPU
		{0A2BEE88-76CA-4562-89BC-7F03821D3196}.Debug|Any CPU.ActiveCfg = Debug|Any CPU
		{0A2BEE88-76CA-4562-89BC-7F03821D3196}.Debug|Any CPU.Build.0 = Debug|Any CPU
		{0A2BEE88-76CA-4562-89BC-7F03821D3196}.Release|Any CPU.ActiveCfg = Release|Any CPU
		{0A2BEE88-76CA-4562-89BC-7F03821D3196}.Release|Any CPU.Build.0 = Release|Any CPU
	EndGlobalSection
	GlobalSection(SolutionProperties) = preSolution
		HideSolutionNode = FALSE
	EndGlobalSection
	GlobalSection(ExtensibilityGlobals) = postSolution
		SolutionGuid = {C57F904D-DB39-427B-89D4-AFADF1373637}
	EndGlobalSection
EndGlobal
